github.com/KyleBanks/depth v1.2.1 h1:5h8fQADFrWtarTn5h0PVNGt05rCQrQB915iM2xNwLg=
github.com/KyleBanks/depth v1.2.1/go.mod h1:jzSb9d9LVNCgNQQvJ3TX0FUZ+VzQWfrrVqVVSckij0=
github.com/bytedance/sonic v1.9.1 h1:6EnJqJZQn9HWcMwsCgq7k82p6MfwD2zYUhNqHWHsPA=
github.com/bytedance/sonic v1.9.1/go.mod h1:i736AoUSYt75RZlqFZcCW5LMIJiUGFFcabLCGbSE9k=
github.com/cespare/xxhash/v2 v2.2.0 h1:DC2OnhEcT9f9asiiXFVn/ZfMOlgtpMn0sADMYVrgQY=
github.com/cespare/xxhash/v2 v2.2.0/go.mod h1:VGX0DQ3Q6Gist3xzEX8GQfxueNW7N5ReomIQ3bJFxo=
github.com/chenzhuoyu/base64x v0.0.0-20221115062448-fe3a3abad311 h1:qSGYq7yPAwVf/ZCQtM7ub0KX5bMRP3GtDsc2ujwABC=
github.com/chenzhuoyu/base64x v0.0.0-20221115062448-fe3a3abad311/go.mod h1:b583jCggY9gE99b6G5LEC39Kvroa+HKLZkX/KKL2o4=
github.com/davecgh/go-spew v1.1.0/go.mod h1:J7Y8YcW2NihsgmVo/mv3lAwl/skON4iLHjSsI+c5H8=
github.com/davecgh/go-spew v1.1.1 h1:vj9j/u1bqnvCEfJOwUhtlOARqs3+rkHB8X9959JvUY=
github.com/davecgh/go-spew v1.1.1/go.mod h1:J7Y8YcW2NihsgmVo/mv3lAwl/skON4iLHjSsI+c5H8=
github.com/dgryski/go-rendezvous v0.0.0-20200823014737-9f7001d12a5f h1:lO4WD4F/rVNCu3kVlSR0dqCEXyYGOi8KZHc6V2XsQk=
github.com/dgryski/go-rendezvous v0.0.0-20200823014737-9f7001d12a5f/go.mod h1:cuUVRXasLTGctjC3SYtyPmzRHl4LSjnMHIjMXQBLJ4=
github.com/gabriel-vasile/mimetype v1.4.2 h1:w5qFW6JKBz9+DyBh2g0ksrq9I8NAzQKcwfHCHVALo=
github.com/gabriel-vasile/mimetype v1.4.2/go.mod h1:zApsH/mKG4w07erNFiQF3GJava+NNS0Tz0XTBiW+0g=
github.com/gin-contrib/sse v1.4.0 h1:Y3AvHYNzwOH/CtJK2N31DGSStIUV3QmGkbx4DKYkL0=
github.com/gin-contrib/sse v1.4.0/go.mod h1:mVvheS5DLM+2iJ1PtJRuDybVwRSL7yFFxFDto1/5SU=
github.com/gin-gonic/gin v1.9.1 h1:4idEAncQnU5cB7BeXkJlQogZJ9mTco0mg0mHVMqNQY=
github.com/gin-gonic/gin v1.9.1/go.mod h1:hPrL7YrpYKXt5YId3xCiK7/DwN/Z6Q9ogNgxJoFL+0=
github.com/go-openapi/jsonpointer v0.19.6 h1:eCs3fxoIi3Fng9tLiV+V9sigma8S1yOnQaYKtB86txw=
github.com/go-openapi/jsonpointer v0.19.6/go.mod h1:osyAmYz/mB/C3I+WsTTSgv0L/LQTG0rPfjqqvHg00U=
github.com/go-openapi/jsonreference v0.20.2 h1:3sVjiK66+uXK/6oQ8xgcRKcFgq5XrM3P1x+j7g7O4=
github.com/go-openapi/jsonreference v0.20.2/go.mod h1:Bl1zwTgQaZ4koXOtnsvzKl0Q1XqAPZMuO7NFtzehkE=
github.com/go-openapi/spec v0.20.10 h1:MQV0OfRQ1nCHrHUFLJbg6ScRQvnM7MPltPsHHjRjZw=
github.com/go-openapi/spec v0.20.10/go.mod h1:2OpW+JddUBo8dh0PiMVIYnZssOSO+qNuoMxBlS0qvY=
github.com/go-openapi/swag v0.22.4 h1:QLMzNJnMGPRNDCbySlcj1x01tzWLVtdoOJ+rlVyqfY=
github.com/go-openapi/swag v0.22.4/go.mod h1:UzaqsxGiab7frZrE/qwuEWM4SykkAbEj+UF1SoJbEY=
github.com/go-playground/locales v0.14.1 h1:EWaQ/wswjilfKLTECiXz7Rh+3BjFhfDFKv/oXslEjY=
github.com/go-playground/locales v0.14.1/go.mod h1:hxrqLVvrK65+Rwrd5Fc4F9nguU3v2sSmnHBSQmvn8Q=
github.com/go-playground/universal-translator v0.18.1 h1:Bcnm0ZwsGyWbxAxly3gJ91QcZr5jsScleaned+ZaknE8=
github.com/go-playground/universal-translator v0.18.1/go.mod h1:xekY+UJKNuX9WP91TpwSH2VMlDf28Uj24BCp08ZFTQ=
github.com/go-playground/validator/v10 v10.14.0 h1:vgvQWe3XCz3gIlxkH/qwEUaVtC2/rei86JfrtLjOkQ=
github.com/go-playground/validator/v10 v10.14.0/go.mod h1:9iXMNT7sEkjXb0d0f5a6XL8Td16Ej2MRVG0gk8nAA=
github.com/goccy/go-json v0.10.2 h1:CqznAYvKsugamMDNLVPDcHf1q/f4bnY7D2u+4lfuJ4=
github.com/goccy/go-json v0.10.2/go.mod h1:6MelG93GURQsLFErtEH/LMvfUePOsPw1BcksL+WT7c=
github.com/golang-jwt/jwt/v5 v5.0.0 h1:1n1XNM9hk7O9mnQoNBGolZvzebBQ7p93GsgyV7EFw7=
github.com/golang-jwt/jwt/v5 v5.0.0/go.mod h1:pqrtFR0X4osisvujP9aBYyrXMVzVVsSil7MtFF6I9k=
github.com/golang/protobuf v1.5.0/go.mod h1:FsONVRAS9T7sI+LIUmWTfcYkHO4aIWwFVsARcc62uU=
github.com/golang/protobuf v1.5.3 h1:KhyjKVUg7Lad17vIrFKcvyMVFZ5JdwjyQQWlrlPoWw=
github.com/golang/protobuf v1.5.3/go.mod h1:FsONVRAS9T7sI+LIUmWTfcYkHO4aIWwFVsARcc62uU=
github.com/golang-migrate/migrate/v4 v4.17.0 h1:m3WTEHF8tUinADYiUDYPqOulBVFqIUDAw1SE5gxwvE=
github.com/golang-migrate/migrate/v4 v4.17.0/go.mod h1:8Ym1ZYejPj+yYTezEJJMHXTkR4KTQL3t6L+8ruZnQ4=
github.com/google/go-cmp v0.5.5/go.mod h1:v8dTdLbMG2kIc/FSIx1BQAwV3nBY9PN7aBn/uVJtLg=
github.com/google/go-cmp v0.6.0 h1:ofyhxvXcZhMsNmxtngo4Ky+MAC2i1xQDn9x5YcV/ES=
github.com/google/go-cmp v0.6.0/go.mod h1:17dUlkBOakJ0+DkrSSNNcoshH0hO2HKYbeo8iced0o=
github.com/google/uuid v1.5.0 h1:1mLB0tK7jBesgeofkE5SY8DexLVDPTbyd089Sh3aGY=
github.com/google/uuid v1.5.0/go.mod h1:TIyPZe4MgqvfeYDBFedMoGGpEw/LqYLWfsYBXuQ13k=
github.com/grafana/loki-client-go v0.0.0-20231211180904-5cb7e6b1a9ab h1:Yd8Yd8Yd8Yd8Yd8Yd8Yd8Yd8Yd8Yd8Yd8Yd8Yd8Yd8Yd8=
github.com/grafana/loki-client-go v0.0.0-20231211180904-5cb7e6b1a9ab/go.mod h1:Yd8Yd8Yd8Yd8Yd8Yd8Yd8Yd8Yd8Yd8Yd8Yd8Yd8Yd8Yd8=
github.com/hashicorp/errwrap v1.0.0/go.mod h1:YH+1FNWiiwZSnFQoxq6DwYV+qNrqrarlSn5ESrlblA=
github.com/hashicorp/errwrap v1.1.0 h1:OxrOeh00Gd+xRucFh+ktelOZfojpZ/HyznoctF+UZQ=
github.com/hashicorp/errwrap v1.1.0/go.mod h1:YH+1FNWiiwZSnFQoxq6DwYV+qNrqrarlSn5ESrlblA=
github.com/hashicorp/go-multierror v1.1.1 h1:H5DkEtf6CXcIlmYExV3KfPtMRmZL7IEwlgjgoW/aFY=
github.com/hashicorp/go-multierror v1.1.1/go.mod h1:iw975J/qwKCQFEPgIfeM23lV0MwVMc94gCTjGvL/bn=
github.com/jackc/pgpassfile v1.0.0 h1:/6Hmqy13Ss2zCq62AdJrDjR8NB86QtNooVOm03nvcY=
github.com/jackc/pgpassfile v1.0.0/go.mod h1:CEx0iS5ambNFdcRtxPj5JhErrAqiGruypF1VYG27h8=
github.com/jackc/pgservicefile v0.0.0-20221227161230-091c0ba34f0a h1:bbPeKD0xmW/UEqn2z5QxCiiVUUzJ/YcPiGccS4xIrA=
github.com/jackc/pgservicefile v0.0.0-20221227161230-091c0ba34f0a/go.mod h1:5yOoWfsYCZydU8V8l8K+tIL+ZiO2ImeYyX8AyS3gIw=
github.com/jackc/pgx/v5 v5.5.0 h1:NxstgwndsTRy7eFjV+mYccQwB6bbRTIX0axusKs91Y=
github.com/jackc/pgx/v5 v5.5.0/go.mod h1:Ig06C2Vu0YqXQXRzJo/jLCWPJfSEgidKQsaAzwhP4=
github.com/jackc/puddle/v2 v2.2.1 h1:RhxXJtFG022u4ibrCSMSziLK7vPeb+6ctp7RYIe4Mw=
github.com/jackc/puddle/v2 v2.2.1/go.mod h1:vriiEXHvEE654aYGQnWfVC9i3rvzQ+95+uEtLRzQIY=
github.com/joho/godotenv v1.5.1 h1:7P4SfwW0WvA4DF3GuG3HSMvnURPkJCGn9sCFY6KnmedI=
github.com/joho/godotenv v1.5.1/go.mod h1:f4LDr5Voq0i2e/R5DDNOoa2zzDfwtkZa49BEAfY6Ps=
github.com/josharian/intern v1.0.0 h1:vlS4z54oSdjm0bgjRigaEeskaU8A8LlY1HcO4UlCUY=
github.com/josharian/intern v1.0.0/go.mod h1:5DoeVV0s6usSMBH+MaTRzVDqqkM+P6Ffw5/y2LKSLA=
github.com/json-iterator/go v1.1.12 h1:PV8peI4a0ysnczrg+LtxykD8LfKY9ML6u2QJNuNz3c=
github.com/json-iterator/go v1.1.12/go.mod h1:e30LSqwooZae7abqwEvMh4zq77ER433kFrSLTMOaGo=
github.com/klauspost/cpuid/v2 v2.2.4 h1:acbojRNwl3o09bUq+yDCtZNQcL+5QIlZ/7nZ3KqrxE=
github.com/klauspost/cpuid/v2 v2.2.4/go.mod h1:RVVoqPznIQoid9Zt7QaAVtS3Ah7+V3C58nccmYtdrk=
github.com/leodido/go-urn v1.2.4 h1:XlAE/cm/ms7TE/VMVoduSpNBoyc2dOxHs5PrIv3XDw=
github.com/leodido/go-urn v1.2.4/go.mod h1:7ZrI8mTSeBSHl/UaIrtnY9X8DlwS33BdfAztJvzIqU=
github.com/mailru/easyjson v0.7.7 h1:UGYAvKxe3sBsEDzO8ZeWOSlIQfXNH5cHwKXnada3mE=
github.com/mailru/easyjson v0.7.7/go.mod h1:xzfreul335dSHPBcsmMWAx+9ceKzB460MI6hLfG+NvI=
github.com/mattn/go-isatty v0.0.20 h1:xfD0iDuEKnJLnLl/TiRnd8K6J96dlbQFqNwJn/59do=
github.com/mattn/go-isatty v0.0.20/go.mod h1:W+V8ngjcqcLChedDikRL6gNan6V7gFJkJSvFLFhL+I=
github.com/modern-go/concurrent v0.0.0-20180228061459-e0a39a4cb421/go.mod h1:6dJC0mAP4ikYIbvj15RK221MJrMSJ8sFzRyMsV+p5k=
github.com/modern-go/concurrent v0.0.0-20180306012644-bacd9c7ef1dd h1:TRLaZ9cD/w8PVh93nsPXa1VrQ6jlwL5oN8l14QlcNfY=
github.com/modern-go/concurrent v0.0.0-20180306012644-bacd9c7ef1dd/go.mod h1:6dJC0mAP4ikYIbvj15RK221MJrMSJ8sFzRyMsV+p5k=
github.com/modern-go/reflect2 v1.0.2 h1:xBagoLtFs94CBntxluKeaWgTMpvLxC4ur3nMaC34Ci=
github.com/modern-go/reflect2 v1.0.2/go.mod h1:yWuCS7NRJ7+gkohR8xTWstucjV7aPaPsmV9P9BeEFg=
github.com/pelletier/go-toml/v2 v2.0.8 h1:0ctb6s9mE31h0/lhu+J6OPmVP9BcohIAp02ZQ6QWfY=
github.com/pelletier/go-toml/v2 v2.0.8/go.mod h1:vuYfssBdrU2XJs2T6ejk35r8JCQtqImeVezHhk5headU=
github.com/pkg/errors v0.9.1 h1:FEBLx1zS214owpjy7qsBeixbURktntKryjMXY7JY=
github.com/pkg/errors v0.9.1/go.mod h1:bwawxfHBFNV+L2hUp1rHADufV3IMtnDQlngdnrqD9w=
github.com/pmezard/go-difflib v1.0.0 h1:4DBwDE0NGyQoBHrk94f5sz8V9/n7dkprKQJhvte-Q8=
github.com/pmezard/go-difflib v1.0.0/go.mod h1:iKH77koFhYxTK1pcRnkGLp1qkIq1SGkq8tT9+51Ohz8=
github.com/prometheus/client_golang v1.17.0 h1:rl2sfUW3XmwSh+47oLeERVgQSklIrG46SWLlwvHkTe=
github.com/prometheus/client_golang v1.17.0/go.mod h1:VeL+gAifPFAPoMv1SKUc31I/zlP7arFC2PhEeI64D4=
github.com/prometheus/client_model v0.4.1-0.20230718164431-9a2bf3000490 h1:Ygwkfw+pfzYL0XY/xvFS2w9en1glEtT1GC1vD4qjqY=
github.com/prometheus/client_model v0.4.1-0.20230718164431-9a2bf3000490/go.mod h1:oMQzElY5bcwhevOIernewQ7GHrCs1nNUlokaMRosDY=
github.com/prometheus/common v0.44.0 h1:+5BrQJwiBB9xsMygV+A2ZwSZRyhMj24ojbUTis7+rQ=
github.com/prometheus/common v0.44.0/go.mod h1:ofAIvZUN9tEHSm+CqkztIU+2FwSP+R13DwMvm0r7Yk=
github.com/prometheus/procfs v0.12.0 h1:jluTpSng7V9hY0O2R9DzzJvVY+MrSqBsHcpFExsNuY=
github.com/prometheus/procfs v0.12.0/go.mod h1:pcuDEFsWKnUNPcYEtKL7hKYQDz+2FC/3Gb5PIIf+Q0=
github.com/redis/go-redis/v9 v9.2.1 h1:WlYJg71ODF0dVspZZCpYmoEFQkaC+KfNUi073wWOoU=
github.com/redis/go-redis/v9 v9.2.1/go.mod h1:hdY0cQFCN4fnSYBcYxOVR4tnVyYwzCUNq7tIBeEQFA=
github.com/segmentio/kafka-go v0.4.46 h1:Ey5Ym3Yd7Yd8Yd8Yd8Yd8Yd8Yd8Yd8Yd8Yd8Yd8Yd8Yd8=
github.com/segmentio/kafka-go v0.4.46/go.mod h1:Ey5Ym3Yd7Yd8Yd8Yd8Yd8Yd8Yd8Yd8Yd8Yd8Yd8Yd8Yd8=
github.com/stretchr/objx v0.1.0/go.mod h1:HFkY916IF+rwdDftiKQorQupnbSO7KLqwuNruVAstc=
github.com/stretchr/objx v0.4.0/go.mod h1:YvHoP/L+2KR2vrgwj5J0q/8NTtdc2HIBY88ZKstjQc=
github.com/stretchr/objx v0.5.0/go.mod h1:Yh+to48EsGEV+3qnAP8plLTnkL11120ijUe06ABNfk=
github.com/stretchr/testify v1.3.0/go.mod h1:M5WIy9Dh21IEIfnGCwXoItnawrCuNMbyTQH+LCvLrU=
github.com/stretchr/testify v1.7.0/go.mod h1:6Fq8oRcR53rry900zMqJjRRixrwX3KX962/h/Wwjteg=
github.com/stretchr/testify v1.8.0/go.mod h1:yNjVzV+YpPY0dUmVrqSrvjZ0qLUXFbcTbTgxA7l/tr=
github.com/stretchr/testify v1.8.4 h1:CcVxjf3Q8zt3FHaFBLw/Ys8++S2sdqSevA+3Oxelac=
github.com/stretchr/testify v1.8.4/go.mod h1:sz/wgYYOY7tQlr6pedw.EwQlrX8d6D2hoxBlZvUUJg=
github.com/swaggo/files v1.0.1 h1:J8bKAKW5/8p5sUV2nqvs2D2W5NKs0lXIu9htXDGY7s=
github.com/swaggo/files v1.0.1/go.mod h1:0qXGEkbuJRohxkIHUfPF+6H6K9qwOAzHSstknvsTQw=
github.com/swaggo/gin-swagger v1.6.0 h1:bN+35Q47vrUGNcFjmGibMN5cWKENY+uwuS3+EtDKWw=
github.com/swaggo/gin-swagger v1.6.0/go.mod h1:K+fVzLstsuXnd/NqVlccuUvtxwoUo7nUlBQy+SSXIc=
github.com/swaggo/swag v1.16.2 h1:28o0Sne34RGYoKGw7JJndXQQo1qW1z9PE2lCFQsFH8=
github.com/swaggo/swag v1.16.2/go.mod h1:6YzXnDcXV9+9978/jtXFnHptV3SRnIaIQPtfxsuJ7I=
github.com/twitchyliquid64/golang-asm v0.15.1 h1:SU5vSMR7hnwNxj24w34ZyCi/FmDZC9tsXZA2NK0d0w=
github.com/twitchyliquid64/golang-asm v0.15.1/go.mod h1:a1lVb/DtPvCB8fslRZhAngC2+aY1QWCk3PjkQP6Xnc=
github.com/ugorji/go/codec v1.2.11 h1:BMaWp1Bb6Hzmaeiz0aWe8dCNc8yz8X434IthD5RwIo=
github.com/ugorji/go/codec v1.2.11/go.mod h1:UNzYvgkdppnsFHSrWJxqB9zgQkAdQCC4t7/reto/Ht=
github.com/yuin/goldmark v1.4.13/go.mod h1:6yNMO+UFvkHQNcLGIIrpDZiS2/qg0LvOkfuLChV+0o=
go.uber.org/multierr v1.11.0 h1:blXXJkSGosPIICnd9r8HmAnnJmduSEObMlm/5axNQY=
go.uber.org/multierr v1.11.0/go.mod h1:20+QtB9ynL5talMx027f/DAIChIaadUF9RY6gYCTqQ=
go.uber.org/zap v1.26.0 h1:sI7k6L95SVAQ/+TiUSozS/SLJFlqTqTmxblWzlou+8=
go.uber.org/zap v1.26.0/go.mod h1:dtElZfn8I0rn1slwHUk8kjl1bulcEvMSWCMvoCocII=
golang.org/x/arch v0.4.0 h1:A8WCeQuzRCvsS7QJLnMVXrMJOhxUk0dNLrZEweyM0w=
golang.org/x/arch v0.4.0/go.mod h1:5+VZ8P1Fbmk3V7bsr1+az0VqLl+gMkxkqJa27Gf4Sk=
golang.org/x/crypto v0.17.0 h1:r8bRNjWL3GshPW2xiPO56azLSoa6KpSKc1pnnv3RcQ=
golang.org/x/crypto v0.17.0/go.mod h1:gCAAfMLgwOJRpqjZxvrYmyVfgSP4gS94fn2I9rLcWc=
golang.org/x/exp v0.0.0-20230817173708-d852ddb80c63/go.mod h1:0v4NqG35C7g5IOWLlCTEY+k3iAC36p/PoYIr27kb8s=
golang.org/x/mod v0.12.0 h1:rmsUpZtvNzU5piqdBEsP3WHbV+CavRPgsouW/v9TmM=
golang.org/x/mod v0.12.0/go.mod h1:iBbtSCu2XBJVr0y+YW50zW6ScRouck1vV4IKUDQrf0=
golang.org/x/net v0.19.0 h1:qa5Jlmerzo+jzc+LU+2cxkuQkKfswhMYA+zHvem8Fs=
golang.org/x/net v0.19.0/go.mod h1:CfAk/cbD4CthTvqiO8kqKDZLul+PRUvIFIY7xLuRZA=
golang.org/x/sync v0.5.0 h1:60k92dhOjHxJkrqnwsfl8KuX960JiNbulIlB5EJc0=
golang.org/x/sync v0.5.0/go.mod h1:Czt+wKu+jkqNfs19Txn7A/8LNVEWRi2IMP5gJnL/LA=
golang.org/x/sys v0.15.0 h1:frVn1UZS6gRlHq1rFSrugo3SPvMf6mQmPSD9OWVqQw=
golang.org/x/sys v0.15.0/go.mod h1:/VUhepP7/wJyI5zk+2RyPL7QICOEYA1ZZMY+FileName=
golang.org/x/text v0.14.0 h1:ScX5w1eTa60QWvq6rgIvtiQY4Ky7X2snVLnRnrKaSo=
golang.org/x/text v0.14.0/go.mod h1:18ZOQIKpY8NJVqYksKHtTdi31H5itlK7XmwxQeUMbs=
golang.org/x/tools v0.15.0 h1:zdAHeUErd26WdEN5pgo5ydCCiueqrXsVMqwEm8p2Mw=
golang.org/x/tools v0.15.0/go.mod h1:hpksKq4rV7ReJ7bSTtlsKaERBrCiNChGq3A3FqO4BQ=
golang.org/x/xerrors v0.0.0-20191204190536-9bdfabe68543/go.mod h1:I/5z698sn9Ka8TeJc9MKroUUfqBBauWjQqLJ2OPfmY=
google.golang.org/genproto/googleapis/rpc v0.0.0-20231212172506-995eadf2e900 h1:axrSJbxuK1V+KNE+3XG7UdXF1vKZlUJ+6FSVyICD8E=
google.golang.org/genproto/googleapis/rpc v0.0.0-20231212172506-995eadf2e900/go.mod h1:L9KNLi232K1/xB6f7xn7LcLt0sK9UTzW8AAMEUF803=
google.golang.org/grpc v1.60.0 h1:6FQAR0kM31P6BZs3ek4rOMq3c3KYNfv3ktfn7v60C4=
google.golang.org/grpc v1.60.0/go.mod h1:OlCHIb6WVMn47Ag7sJWgPjtCfX3oP50n0XNNM0Mnnc=
google.golang.org/protobuf v1.26.0-rc.1/go.mod h1:jlhhOSvTGBVJJUks+3DpFD5LvomL3wWYdU3KaFQtqw=
google.golang.org/protobuf v1.31.0 h1:g0LDEJHgrBl9N9r17Ru3sqWhkIx2NB67okBHPwC7Yc=
google.golang.org/protobuf v1.31.0/go.mod h1:HXc8G+MLRJHis1NtLmjOSQ0nZ8V8KeNLmDMoNrXZII=
gopkg.in/check.v1 v0.0.0-20161208181325-20d25e280405/go.mod h1:Co6ibVJAznAaIkqp8huTwlPUGdeOFnd1O1qwZ1KtVw=
gopkg.in/yaml.v3 v3.0.0-20200313102051-9f266ea9e77c/go.mod h1:K4uyk7z7BCEPqu6E+C64Yfv1cQ41C2lpqT+5CQE6gw=
gopkg.in/yaml.v3 v3.0.1 h1:fxVm/GzAzEWqLHEvluCIw+0dKHGrMi7e2ExtbKycT8=
gopkg.in/yaml.v3 v3.0.1/go.mod h1:K4uyk7z7BCEPqu6E+C64Yfv1cQ41C2lpqT+5CQE6gw=
